github.com/BurntSushi/toml v1.2.1 h1:9F2/+DoOYIOksmaJFPw1tGFy1eDnIJXg+UHjuD8lTak=
github.com/BurntSushi/toml v1.2.1/go.mod h1:CxXYINrC8qIiEnFrOxCa7Jy5BFHlXnUU2pbicEuybxQ=
github.com/go-chi/chi/v5 v5.0.7 h1:rDTPXLDHGATaeHvVlLcR4Qe0zftYethFucbjVQ1PxU8=
github.com/go-chi/chi/v5 v5.0.7/go.mod h1:DslCQbL2OYiznFReuXYUmQ2hGd1aDpCnlMNITLSKoi8=
github.com/meerkat-dashboard/icinga-go v1.0.0 h1:S2D+HkuNtNY/BUxPuVtQIUzHIkrmjKed60SbFyj+obo=
github.com/meerkat-dashboard/icinga-go v1.0.0/go.mod h1:/++/kJuplAVYKF25lWan8OeL7+DQ6prNvDMLRCKeHz4=
